
Microsoft Visual Studio Solution File, Format Version 12.00
# Visual Studio Version 16
VisualStudioVersion = 16.0.31129.286
MinimumVisualStudioVersion = 10.0.40219.1
Project("{FAE04EC0-301F-11D3-BF4B-00C04F79EFBC}") = "cw8", "cw8.csproj", "{276F6A3E-3992-4751-8032-CB13AF54FC54}"
EndProject
Global
	GlobalSection(SolutionConfigurationPlatforms) = preSolution
		Debug|Any CPU = Debug|Any CPU
		Release|Any CPU = Release|Any CPU
	EndGlobalSection
	GlobalSection(ProjectConfigurationPlatforms) = postSolution
		{276F6A3E-3992-4751-8032-CB13AF54FC54}.Debug|Any CPU.ActiveCfg = Debug|Any CPU
		{276F6A3E-3992-4751-8032-CB13AF54FC54}.Debug|Any CPU.Build.0 = Debug|Any CPU
		{276F6A3E-3992-4751-8032-CB13AF54FC54}.Release|Any CPU.ActiveCfg = Release|Any CPU
		{276F6A3E-3992-4751-8032-CB13AF54FC54}.Release|Any CPU.Build.0 = Release|Any CPU
	EndGlobalSection
	GlobalSection(SolutionProperties) = preSolution
		HideSolutionNode = FALSE
	EndGlobalSection
	GlobalSection(ExtensibilityGlobals) = postSolution
		SolutionGuid = {C7AA4960-B6D7-481E-8EE3-2485E15E2328}
	EndGlobalSection
EndGlobal
